
Microsoft Visual Studio Solution File, Format Version 12.00
# Visual Studio Version 17
VisualStudioVersion = 17.0.32014.148
MinimumVisualStudioVersion = 10.0.40219.1
Project("{8BC9CEB8-8B4A-11D0-8D11-00A0C91BC942}") = "baekjoon10172", "baekjoon10172\baekjoon10172.vcxproj", "{5739762A-E0EA-49B2-ADF2-DF0BA30FDCF8}"
EndProject
Global
	GlobalSection(SolutionConfigurationPlatforms) = preSolution
		Debug|x64 = Debug|x64
		Debug|x86 = Debug|x86
		Release|x64 = Release|x64
		Release|x86 = Release|x86
	EndGlobalSection
	GlobalSection(ProjectConfigurationPlatforms) = postSolution
		{5739762A-E0EA-49B2-ADF2-DF0BA30FDCF8}.Debug|x64.ActiveCfg = Debug|x64
		{5739762A-E0EA-49B2-ADF2-DF0BA30FDCF8}.Debug|x64.Build.0 = Debug|x64
		{5739762A-E0EA-49B2-ADF2-DF0BA30FDCF8}.Debug|x86.ActiveCfg = Debug|Win32
		{5739762A-E0EA-49B2-ADF2-DF0BA30FDCF8}.Debug|x86.Build.0 = Debug|Win32
		{5739762A-E0EA-49B2-ADF2-DF0BA30FDCF8}.Release|x64.ActiveCfg = Release|x64
		{5739762A-E0EA-49B2-ADF2-DF0BA30FDCF8}.Release|x64.Build.0 = Release|x64
		{5739762A-E0EA-49B2-ADF2-DF0BA30FDCF8}.Release|x86.ActiveCfg = Release|Win32
		{5739762A-E0EA-49B2-ADF2-DF0BA30FDCF8}.Release|x86.Build.0 = Release|Win32
	EndGlobalSection
	GlobalSection(SolutionProperties) = preSolution
		HideSolutionNode = FALSE
	EndGlobalSection
	GlobalSection(ExtensibilityGlobals) = postSolution
		SolutionGuid = {A217A631-8913-4E2D-B5F6-B4162AD98985}
	EndGlobalSection
EndGlobal
