
Microsoft Visual Studio Solution File, Format Version 12.00
# Visual Studio Version 17
VisualStudioVersion = 17.0.32014.148
MinimumVisualStudioVersion = 10.0.40219.1
Project("{8BC9CEB8-8B4A-11D0-8D11-00A0C91BC942}") = "baekjoon10430", "baekjoon10430\baekjoon10430.vcxproj", "{8C1ADDB1-68D1-4A9C-B3E3-A08C48282ACF}"
EndProject
Global
	GlobalSection(SolutionConfigurationPlatforms) = preSolution
		Debug|x64 = Debug|x64
		Debug|x86 = Debug|x86
		Release|x64 = Release|x64
		Release|x86 = Release|x86
	EndGlobalSection
	GlobalSection(ProjectConfigurationPlatforms) = postSolution
		{8C1ADDB1-68D1-4A9C-B3E3-A08C48282ACF}.Debug|x64.ActiveCfg = Debug|x64
		{8C1ADDB1-68D1-4A9C-B3E3-A08C48282ACF}.Debug|x64.Build.0 = Debug|x64
		{8C1ADDB1-68D1-4A9C-B3E3-A08C48282ACF}.Debug|x86.ActiveCfg = Debug|Win32
		{8C1ADDB1-68D1-4A9C-B3E3-A08C48282ACF}.Debug|x86.Build.0 = Debug|Win32
		{8C1ADDB1-68D1-4A9C-B3E3-A08C48282ACF}.Release|x64.ActiveCfg = Release|x64
		{8C1ADDB1-68D1-4A9C-B3E3-A08C48282ACF}.Release|x64.Build.0 = Release|x64
		{8C1ADDB1-68D1-4A9C-B3E3-A08C48282ACF}.Release|x86.ActiveCfg = Release|Win32
		{8C1ADDB1-68D1-4A9C-B3E3-A08C48282ACF}.Release|x86.Build.0 = Release|Win32
	EndGlobalSection
	GlobalSection(SolutionProperties) = preSolution
		HideSolutionNode = FALSE
	EndGlobalSection
	GlobalSection(ExtensibilityGlobals) = postSolution
		SolutionGuid = {1265A829-8D9C-4EBC-A4A0-72A045F9C4A6}
	EndGlobalSection
EndGlobal
