
Microsoft Visual Studio Solution File, Format Version 12.00
# Visual Studio Version 17
VisualStudioVersion = 17.0.32014.148
MinimumVisualStudioVersion = 10.0.40219.1
Project("{8BC9CEB8-8B4A-11D0-8D11-00A0C91BC942}") = "baekjoon10950", "baekjoon10950\baekjoon10950.vcxproj", "{E13F4A17-3CA4-4B80-BE50-E83A66E69D72}"
EndProject
Global
	GlobalSection(SolutionConfigurationPlatforms) = preSolution
		Debug|x64 = Debug|x64
		Debug|x86 = Debug|x86
		Release|x64 = Release|x64
		Release|x86 = Release|x86
	EndGlobalSection
	GlobalSection(ProjectConfigurationPlatforms) = postSolution
		{E13F4A17-3CA4-4B80-BE50-E83A66E69D72}.Debug|x64.ActiveCfg = Debug|x64
		{E13F4A17-3CA4-4B80-BE50-E83A66E69D72}.Debug|x64.Build.0 = Debug|x64
		{E13F4A17-3CA4-4B80-BE50-E83A66E69D72}.Debug|x86.ActiveCfg = Debug|Win32
		{E13F4A17-3CA4-4B80-BE50-E83A66E69D72}.Debug|x86.Build.0 = Debug|Win32
		{E13F4A17-3CA4-4B80-BE50-E83A66E69D72}.Release|x64.ActiveCfg = Release|x64
		{E13F4A17-3CA4-4B80-BE50-E83A66E69D72}.Release|x64.Build.0 = Release|x64
		{E13F4A17-3CA4-4B80-BE50-E83A66E69D72}.Release|x86.ActiveCfg = Release|Win32
		{E13F4A17-3CA4-4B80-BE50-E83A66E69D72}.Release|x86.Build.0 = Release|Win32
	EndGlobalSection
	GlobalSection(SolutionProperties) = preSolution
		HideSolutionNode = FALSE
	EndGlobalSection
	GlobalSection(ExtensibilityGlobals) = postSolution
		SolutionGuid = {F9F02BB4-4EA9-4475-A366-5DC730DDEE8E}
	EndGlobalSection
EndGlobal
